
Microsoft Visual Studio Solution File, Format Version 12.00
# Visual Studio Version 17
VisualStudioVersion = 17.3.32825.248
MinimumVisualStudioVersion = 10.0.40219.1
Project("{8BC9CEB8-8B4A-11D0-8D11-00A0C91BC942}") = "ServerMS", "ServerMS\ServerMS.vcxproj", "{C60AD914-C41E-4C0D-8AC2-FB2CB3CE157B}"
EndProject
Project("{8BC9CEB8-8B4A-11D0-8D11-00A0C91BC942}") = "ClientMS", "ClientMS\ClientMS.vcxproj", "{7E765740-5FE0-4FFC-9FF0-52740CEAAF10}"
EndProject
Global
	GlobalSection(SolutionConfigurationPlatforms) = preSolution
		Debug|x64 = Debug|x64
		Debug|x86 = Debug|x86
		Release|x64 = Release|x64
		Release|x86 = Release|x86
	EndGlobalSection
	GlobalSection(ProjectConfigurationPlatforms) = postSolution
		{C60AD914-C41E-4C0D-8AC2-FB2CB3CE157B}.Debug|x64.ActiveCfg = Debug|x64
		{C60AD914-C41E-4C0D-8AC2-FB2CB3CE157B}.Debug|x64.Build.0 = Debug|x64
		{C60AD914-C41E-4C0D-8AC2-FB2CB3CE157B}.Debug|x86.ActiveCfg = Debug|Win32
		{C60AD914-C41E-4C0D-8AC2-FB2CB3CE157B}.Debug|x86.Build.0 = Debug|Win32
		{C60AD914-C41E-4C0D-8AC2-FB2CB3CE157B}.Release|x64.ActiveCfg = Release|x64
		{C60AD914-C41E-4C0D-8AC2-FB2CB3CE157B}.Release|x64.Build.0 = Release|x64
		{C60AD914-C41E-4C0D-8AC2-FB2CB3CE157B}.Release|x86.ActiveCfg = Release|Win32
		{C60AD914-C41E-4C0D-8AC2-FB2CB3CE157B}.Release|x86.Build.0 = Release|Win32
		{7E765740-5FE0-4FFC-9FF0-52740CEAAF10}.Debug|x64.ActiveCfg = Debug|x64
		{7E765740-5FE0-4FFC-9FF0-52740CEAAF10}.Debug|x64.Build.0 = Debug|x64
		{7E765740-5FE0-4FFC-9FF0-52740CEAAF10}.Debug|x86.ActiveCfg = Debug|Win32
		{7E765740-5FE0-4FFC-9FF0-52740CEAAF10}.Debug|x86.Build.0 = Debug|Win32
		{7E765740-5FE0-4FFC-9FF0-52740CEAAF10}.Release|x64.ActiveCfg = Release|x64
		{7E765740-5FE0-4FFC-9FF0-52740CEAAF10}.Release|x64.Build.0 = Release|x64
		{7E765740-5FE0-4FFC-9FF0-52740CEAAF10}.Release|x86.ActiveCfg = Release|Win32
		{7E765740-5FE0-4FFC-9FF0-52740CEAAF10}.Release|x86.Build.0 = Release|Win32
	EndGlobalSection
	GlobalSection(SolutionProperties) = preSolution
		HideSolutionNode = FALSE
	EndGlobalSection
	GlobalSection(ExtensibilityGlobals) = postSolution
		SolutionGuid = {40D71B5C-E1E9-4612-861E-2FC6FCFD8284}
	EndGlobalSection
EndGlobal
